{
    "name": "gErrorHandler",
    "requires": true,
    "lockfileVersion": 1,
    "dependencies": {
        "accepts": {
            "version": "1.3.8",
            "resolved": "https://registry.npmjs.org/accepts/-/accepts-1.3.8.tgz",
            "integrity": "sha512-PYAthTa2m2VKxuvSD3DPC/Gy+U+sOA1LAuT8mkmRuvw+NACSaeXEQ+NHcVF7rONl6qcaxV3Uuemwawk+7+SJLw==",
            "requires": {
                "mime-types": "~2.1.34",
                "negotiator": "0.6.3"
            }
        },
        "align-text": {
            "version": "0.1.4",
            "resolved": "https://registry.npmjs.org/align-text/-/align-text-0.1.4.tgz",
            "integrity": "sha512-GrTZLRpmp6wIC2ztrWW9MjjTgSKccffgFagbNDOX95/dcjEcYZibYTeaOntySQLcdw1ztBoFkviiUvTMbb9MYg==",
            "requires": {
                "kind-of": "^3.0.2",
                "longest": "^1.0.1",
                "repeat-string": "^1.5.2"
            }
        },
        "async": {
            "version": "1.0.0",
            "resolved": "https://registry.npmjs.org/async/-/async-1.0.0.tgz",
            "integrity": "sha512-5mO7DX4CbJzp9zjaFXusQQ4tzKJARjNB1Ih1pVBi8wkbmXy/xzIDgEMXxWePLzt2OdFwaxfneIlT1nCiXubrPQ=="
        },
        "camelcase": {
            "version": "1.2.1",
            "resolved": "https://registry.npmjs.org/camelcase/-/camelcase-1.2.1.tgz",
            "integrity": "sha512-wzLkDa4K/mzI1OSITC+DUyjgIl/ETNHE9QvYgy6J6Jvqyyz4C0Xfd+lQhb19sX2jMpZV4IssUn0VDVmglV+s4g=="
        },
        "center-align": {
            "version": "0.1.3",
            "resolved": "https://registry.npmjs.org/center-align/-/center-align-0.1.3.tgz",
            "integrity": "sha512-Baz3aNe2gd2LP2qk5U+sDk/m4oSuwSDcBfayTCTBoWpfIGO5XFxPmjILQII4NGiZjD6DoDI6kf7gKaxkf7s3VQ==",
            "requires": {
                "align-text": "^0.1.3",
                "lazy-cache": "^1.0.3"
            }
        },
        "cliui": {
            "version": "2.1.0",
            "resolved": "https://registry.npmjs.org/cliui/-/cliui-2.1.0.tgz",
            "integrity": "sha512-GIOYRizG+TGoc7Wgc1LiOTLare95R3mzKgoln+Q/lE4ceiYH19gUpl0l0Ffq4lJDEf3FxujMe6IBfOCs7pfqNA==",
            "requires": {
                "center-align": "^0.1.1",
                "right-align": "^0.1.1",
                "wordwrap": "0.0.2"
            }
        },
        "coffeescript": {
            "version": "2.7.0",
            "resolved": "https://registry.npmjs.org/coffeescript/-/coffeescript-2.7.0.tgz",
            "integrity": "sha512-hzWp6TUE2d/jCcN67LrW1eh5b/rSDKQK6oD6VMLlggYVUUFexgTH9z3dNYihzX4RMhze5FTUsUmOXViJKFQR/A=="
        },
        "debug": {
            "version": "4.2.0",
            "resolved": "https://registry.npmjs.org/debug/-/debug-4.2.0.tgz",
            "integrity": "sha512-IX2ncY78vDTjZMFUdmsvIRFY2Cf4FnD0wRs+nQwJU8Lu99/tPFdb0VybiiMTPe3I6rQmwsqQqRBvxU+bZ/I8sg==",
            "requires": {
                "ms": "2.1.2"
            }
        },
        "decamelize": {
            "version": "1.2.0",
            "resolved": "https://registry.npmjs.org/decamelize/-/decamelize-1.2.0.tgz",
            "integrity": "sha512-z2S+W9X73hAUUki+N+9Za2lBlun89zigOyGrsax+KUQ6wKW4ZoWpEYBkGhQjwAjjDCkWxhY0VKEhk8wzY7F5cA=="
        },
        "errorhandler": {
            "version": "1.5.1",
            "resolved": "https://registry.npmjs.org/errorhandler/-/errorhandler-1.5.1.tgz",
            "integrity": "sha512-rcOwbfvP1WTViVoUjcfZicVzjhjTuhSMntHh6mW3IrEiyE6mJyXvsToJUJGlGlw/2xU9P5whlWNGlIDVeCiT4A==",
            "requires": {
                "accepts": "~1.3.7",
                "escape-html": "~1.0.3"
            }
        },
        "escape-html": {
            "version": "1.0.3",
            "resolved": "https://registry.npmjs.org/escape-html/-/escape-html-1.0.3.tgz",
            "integrity": "sha512-NiSupZ4OeuGwr68lGIeym/ksIZMJodUGOSCZ/FSnTxcrekbvqrgdUxlJOMpijaKZVjAJrWrGs/6Jy8OMuyj9ow=="
        },
        "fs-readdir": {
            "version": "0.0.3",
            "resolved": "https://registry.npmjs.org/fs-readdir/-/fs-readdir-0.0.3.tgz",
            "integrity": "sha512-JQ+kSP7cXoYFZE90Xni6nJ4smahuw/cqmqCmL4zYExjNfnubSxnWfisf0+DzRgZGDx8SghtOht+n84+bezcnwA=="
        },
        "gqcoffee": {
            "version": "1.0.25",
            "resolved": "https://registry.npmjs.org/gqcoffee/-/gqcoffee-1.0.25.tgz",
            "integrity": "sha512-Raemqb0ke86trMG86g1IsRWYy8TZZsnpskzEDh3vxFP6sbINZnp4OXj5/iZAEgmKsoChqgPOA39SRRhvyozSIw==",
            "requires": {
                "async": "1.0.0",
                "coffee-script": "1.0.0",
                "coffeescript": "2.5.1",
                "debug": "4.2.0",
                "fs-readdir": "0.0.3",
                "gqdoq": "1.0.1",
                "lodash": "4.17.15",
                "q": "1.0.0",
                "require-from-string": "1.2.1",
                "uglify-js": "2.6.1"
            },
            "dependencies": {
                "coffee-script": {
                    "version": "1.0.0",
                    "resolved": "https://registry.npmjs.org/coffee-script/-/coffee-script-1.0.0.tgz",
                    "integrity": "sha512-r5zMlXjjFwcWP6nxVXu199T3dVXyq76HDMNwcWsIMegP7C3fujgATm8vkkMR1Wafia6DI6tpBj511y1MJiLYjQ=="
                },
                "coffeescript": {
                    "version": "2.5.1",
                    "resolved": "https://registry.npmjs.org/coffeescript/-/coffeescript-2.5.1.tgz",
                    "integrity": "sha512-J2jRPX0eeFh5VKyVnoLrfVFgLZtnnmp96WQSLAS8OrLm2wtQLcnikYKe1gViJKDH7vucjuhHvBKKBP3rKcD1tQ=="
                }
            }
        },
        "gqdoq": {
            "version": "1.0.1",
            "resolved": "https://registry.npmjs.org/gqdoq/-/gqdoq-1.0.1.tgz",
            "integrity": "sha512-MdsCLdb3lLx3/MPwo7YmfGv7LbgaR15xxGgDHyCsvTbwoq1Bl1hcZcnSWwXKnuvuBzN3BzKDOLzPKKFVxWJHgg==",
            "requires": {
                "q": "^1.5.1"
            },
            "dependencies": {
                "q": {
                    "version": "1.5.1",
                    "resolved": "https://registry.npmjs.org/q/-/q-1.5.1.tgz",
                    "integrity": "sha512-kV/CThkXo6xyFEZUugw/+pIOywXcDbFYgSct5cT3gqlbkBE1SJdwy6UQoZvodiWF/ckQLZyDE/Bu1M6gVu5lVw=="
                }
            }
        },
        "is-buffer": {
            "version": "1.1.6",
            "resolved": "https://registry.npmjs.org/is-buffer/-/is-buffer-1.1.6.tgz",
            "integrity": "sha512-NcdALwpXkTm5Zvvbk7owOUSvVvBKDgKP5/ewfXEznmQFfs4ZRmanOeKBTjRVjka3QFoN6XJ+9F3USqfHqTaU5w=="
        },
        "kind-of": {
            "version": "3.2.2",
            "resolved": "https://registry.npmjs.org/kind-of/-/kind-of-3.2.2.tgz",
            "integrity": "sha512-NOW9QQXMoZGg/oqnVNoNTTIFEIid1627WCffUBJEdMxYApq7mNE7CpzucIPc+ZQg25Phej7IJSmX3hO+oblOtQ==",
            "requires": {
                "is-buffer": "^1.1.5"
            }
        },
        "lazy-cache": {
            "version": "1.0.4",
            "resolved": "https://registry.npmjs.org/lazy-cache/-/lazy-cache-1.0.4.tgz",
            "integrity": "sha512-RE2g0b5VGZsOCFOCgP7omTRYFqydmZkBwl5oNnQ1lDYC57uyO9KqNnNVxT7COSHTxrRCWVcAVOcbjk+tvh/rgQ=="
        },
        "lodash": {
            "version": "4.17.15",
            "resolved": "https://registry.npmjs.org/lodash/-/lodash-4.17.15.tgz",
            "integrity": "sha512-8xOcRHvCjnocdS5cpwXQXVzmmh5e5+saE2QGoeQmbKmRS6J3VQppPOIt0MnmE+4xlZoumy0GPG0D0MVIQbNA1A=="
        },
        "longest": {
            "version": "1.0.1",
            "resolved": "https://registry.npmjs.org/longest/-/longest-1.0.1.tgz",
            "integrity": "sha512-k+yt5n3l48JU4k8ftnKG6V7u32wyH2NfKzeMto9F/QRE0amxy/LayxwlvjjkZEIzqR+19IrtFO8p5kB9QaYUFg=="
        },
        "mime-db": {
            "version": "1.52.0",
            "resolved": "https://registry.npmjs.org/mime-db/-/mime-db-1.52.0.tgz",
            "integrity": "sha512-sPU4uV7dYlvtWJxwwxHD0PuihVNiE7TyAbQ5SWxDCB9mUYvOgroQOwYQQOKPJ8CIbE+1ETVlOoK1UC2nU3gYvg=="
        },
        "mime-types": {
            "version": "2.1.35",
            "resolved": "https://registry.npmjs.org/mime-types/-/mime-types-2.1.35.tgz",
            "integrity": "sha512-ZDY+bPm5zTTF+YpCrAU9nK0UgICYPT0QtT1NZWFv4s++TNkcgVaT0g6+4R2uI4MjQjzysHB1zxuWL50hzaeXiw==",
            "requires": {
                "mime-db": "1.52.0"
            }
        },
        "ms": {
            "version": "2.1.2",
            "resolved": "https://registry.npmjs.org/ms/-/ms-2.1.2.tgz",
            "integrity": "sha512-sGkPx+VjMtmA6MX27oA4FBFELFCZZ4S4XqeGOXCv68tT+jb3vk/RyaKWP0PTKyWtmLSM0b+adUTEvbs1PEaH2w=="
        },
        "negotiator": {
            "version": "0.6.3",
            "resolved": "https://registry.npmjs.org/negotiator/-/negotiator-0.6.3.tgz",
            "integrity": "sha512-+EUsqGPLsM+j/zdChZjsnX51g4XrHFOIXwfnCVPGlQk/k5giakcKsuxCObBRu6DSm9opw/O6slWbJdghQM4bBg=="
        },
        "q": {
            "version": "1.0.0",
            "resolved": "https://registry.npmjs.org/q/-/q-1.0.0.tgz",
            "integrity": "sha512-T1JUVxPfuwClrPLGiM3J8SBURMDWp1ZGMpHLU/i4yqITbj6ObS8C0tcgH+F1YqVgWbBQs7Pzg/fATrSR+dgs8w=="
        },
        "repeat-string": {
            "version": "1.6.1",
            "resolved": "https://registry.npmjs.org/repeat-string/-/repeat-string-1.6.1.tgz",
            "integrity": "sha512-PV0dzCYDNfRi1jCDbJzpW7jNNDRuCOG/jI5ctQcGKt/clZD+YcPS3yIlWuTJMmESC8aevCFmWJy5wjAFgNqN6w=="
        },
        "require-from-string": {
            "version": "1.2.1",
            "resolved": "https://registry.npmjs.org/require-from-string/-/require-from-string-1.2.1.tgz",
            "integrity": "sha512-H7AkJWMobeskkttHyhTVtS0fxpFLjxhbfMa6Bk3wimP7sdPRGL3EyCg3sAQenFfAe+xQ+oAc85Nmtvq0ROM83Q=="
        },
        "right-align": {
            "version": "0.1.3",
            "resolved": "https://registry.npmjs.org/right-align/-/right-align-0.1.3.tgz",
            "integrity": "sha512-yqINtL/G7vs2v+dFIZmFUDbnVyFUJFKd6gK22Kgo6R4jfJGFtisKyncWDDULgjfqf4ASQuIQyjJ7XZ+3aWpsAg==",
            "requires": {
                "align-text": "^0.1.1"
            }
        },
        "source-map": {
            "version": "0.5.7",
            "resolved": "https://registry.npmjs.org/source-map/-/source-map-0.5.7.tgz",
            "integrity": "sha512-LbrmJOMUSdEVxIKvdcJzQC+nQhe8FUZQTXQy6+I75skNgn3OoQ0DZA8YnFa7gp8tqtL3KPf1kmo0R5DoApeSGQ=="
        },
        "uglify-js": {
            "version": "2.6.1",
            "resolved": "https://registry.npmjs.org/uglify-js/-/uglify-js-2.6.1.tgz",
            "integrity": "sha512-XKIngepf5mwQxLRutZ8azDuOfVCizuP+8ldh/Tbhmx97csSsxFygOwJr5rPuwcIvQnxoSLCCmCqrWaIS4Qc/ew==",
            "requires": {
                "async": "~0.2.6",
                "source-map": "~0.5.1",
                "uglify-to-browserify": "~1.0.0",
                "yargs": "~3.10.0"
            },
            "dependencies": {
                "async": {
                    "version": "0.2.10",
                    "resolved": "https://registry.npmjs.org/async/-/async-0.2.10.tgz",
                    "integrity": "sha512-eAkdoKxU6/LkKDBzLpT+t6Ff5EtfSF4wx1WfJiPEEV7WNLnDaRXk0oVysiEPm262roaachGexwUv94WhSgN5TQ=="
                }
            }
        },
        "uglify-to-browserify": {
            "version": "1.0.2",
            "resolved": "https://registry.npmjs.org/uglify-to-browserify/-/uglify-to-browserify-1.0.2.tgz",
            "integrity": "sha512-vb2s1lYx2xBtUgy+ta+b2J/GLVUR+wmpINwHePmPRhOsIVCG2wDzKJ0n14GslH1BifsqVzSOwQhRaCAsZ/nI4Q=="
        },
        "window-size": {
            "version": "0.1.0",
            "resolved": "https://registry.npmjs.org/window-size/-/window-size-0.1.0.tgz",
            "integrity": "sha512-1pTPQDKTdd61ozlKGNCjhNRd+KPmgLSGa3mZTHoOliaGcESD8G1PXhh7c1fgiPjVbNVfgy2Faw4BI8/m0cC8Mg=="
        },
        "wordwrap": {
            "version": "0.0.2",
            "resolved": "https://registry.npmjs.org/wordwrap/-/wordwrap-0.0.2.tgz",
            "integrity": "sha512-xSBsCeh+g+dinoBv3GAOWM4LcVVO68wLXRanibtBSdUvkGWQRGeE9P7IwU9EmDDi4jA6L44lz15CGMwdw9N5+Q=="
        },
        "yargs": {
            "version": "3.10.0",
            "resolved": "https://registry.npmjs.org/yargs/-/yargs-3.10.0.tgz",
            "integrity": "sha512-QFzUah88GAGy9lyDKGBqZdkYApt63rCXYBGYnEP4xDJPXNqXXnBDACnbrXnViV6jRSqAePwrATi2i8mfYm4L1A==",
            "requires": {
                "camelcase": "^1.0.2",
                "cliui": "^2.1.0",
                "decamelize": "^1.0.0",
                "window-size": "0.1.0"
            }
        }
    }
}
